// !$*UTF8*$!
{
	archiveVersion = 1;
	classes = {
	};
	objectVersion = 46;
	objects = {

/* Begin PBXBuildFile section */
		0185F7351F4003E60035EDA4 /* main.m in Sources */ = {isa = PBXBuildFile; fileRef = 0185F7341F4003E60035EDA4 /* main.m */; };
		0185F7381F4003E60035EDA4 /* AppDelegate.m in Sources */ = {isa = PBXBuildFile; fileRef = 0185F7371F4003E60035EDA4 /* AppDelegate.m */; };
		0185F73B1F4003E60035EDA4 /* ViewController.m in Sources */ = {isa = PBXBuildFile; fileRef = 0185F73A1F4003E60035EDA4 /* ViewController.m */; };
		0185F73E1F4003E60035EDA4 /* Main.storyboard in Resources */ = {isa = PBXBuildFile; fileRef = 0185F73C1F4003E60035EDA4 /* Main.storyboard */; };
		0185F7401F4003E60035EDA4 /* Assets.xcassets in Resources */ = {isa = PBXBuildFile; fileRef = 0185F73F1F4003E60035EDA4 /* Assets.xcassets */; };
		0185F7431F4003E60035EDA4 /* LaunchScreen.storyboard in Resources */ = {isa = PBXBuildFile; fileRef = 0185F7411F4003E60035EDA4 /* LaunchScreen.storyboard */; };
		0185F74E1F4003E60035EDA4 /* FNTagViewTests.m in Sources */ = {isa = PBXBuildFile; fileRef = 0185F74D1F4003E60035EDA4 /* FNTagViewTests.m */; };
		0185F7591F4003E60035EDA4 /* FNTagViewUITests.m in Sources */ = {isa = PBXBuildFile; fileRef = 0185F7581F4003E60035EDA4 /* FNTagViewUITests.m */; };
		0185F76A1F4008290035EDA4 /* FNTagView.m in Sources */ = {isa = PBXBuildFile; fileRef = 0185F7691F4008290035EDA4 /* FNTagView.m */; };
		0185F76D1F4008A10035EDA4 /* FNTagModel.m in Sources */ = {isa = PBXBuildFile; fileRef = 0185F76C1F4008A10035EDA4 /* FNTagModel.m */; };
		0185F7741F4011CC0035EDA4 /* addtion@2x.png in Resources */ = {isa = PBXBuildFile; fileRef = 0185F7701F4011CC0035EDA4 /* addtion@2x.png */; };
		0185F7751F4011CC0035EDA4 /* addtion@3x.png in Resources */ = {isa = PBXBuildFile; fileRef = 0185F7711F4011CC0035EDA4 /* addtion@3x.png */; };
		0185F7761F4011CC0035EDA4 /* point@2x.png in Resources */ = {isa = PBXBuildFile; fileRef = 0185F7721F4011CC0035EDA4 /* point@2x.png */; };
		0185F7771F4011CC0035EDA4 /* point@3x.png in Resources */ = {isa = PBXBuildFile; fileRef = 0185F7731F4011CC0035EDA4 /* point@3x.png */; };
		0185F77A1F4012110035EDA4 /* FNTaggedImageView.m in Sources */ = {isa = PBXBuildFile; fileRef = 0185F7791F4012110035EDA4 /* FNTaggedImageView.m */; };
		0185F77C1F4018E00035EDA4 /* example.jpg in Resources */ = {isa = PBXBuildFile; fileRef = 0185F77B1F4018E00035EDA4 /* example.jpg */; };
		0185F77F1F401BEA0035EDA4 /* taggedimagetagswitcher@2x.png in Resources */ = {isa = PBXBuildFile; fileRef = 0185F77D1F401BEA0035EDA4 /* taggedimagetagswitcher@2x.png */; };
		0185F7801F401BEA0035EDA4 /* taggedimagetagswitcher@3x.png in Resources */ = {isa = PBXBuildFile; fileRef = 0185F77E1F401BEA0035EDA4 /* taggedimagetagswitcher@3x.png */; };
		0185F7831F401C4B0035EDA4 /* taggedimagetagswitcherinner@2x.png in Resources */ = {isa = PBXBuildFile; fileRef = 0185F7811F401C4B0035EDA4 /* taggedimagetagswitcherinner@2x.png */; };
		0185F7841F401C4B0035EDA4 /* taggedimagetagswitcherinner@3x.png in Resources */ = {isa = PBXBuildFile; fileRef = 0185F7821F401C4B0035EDA4 /* taggedimagetagswitcherinner@3x.png */; };
/* End PBXBuildFile section */

/* Begin PBXContainerItemProxy section */
		0185F74A1F4003E60035EDA4 /* PBXContainerItemProxy */ = {
			isa = PBXContainerItemProxy;
			containerPortal = 0185F7281F4003E60035EDA4 /* Project object */;
			proxyType = 1;
			remoteGlobalIDString = 0185F72F1F4003E60035EDA4;
			remoteInfo = FNTagView;
		};
		0185F7551F4003E60035EDA4 /* PBXContainerItemProxy */ = {
			isa = PBXContainerItemProxy;
			containerPortal = 0185F7281F4003E60035EDA4 /* Project object */;
			proxyType = 1;
			remoteGlobalIDString = 0185F72F1F4003E60035EDA4;
			remoteInfo = FNTagView;
		};
/* End PBXContainerItemProxy section */

/* Begin PBXFileReference section */
		0185F7301F4003E60035EDA4 /* FNTagView.app */ = {isa = PBXFileReference; explicitFileType = wrapper.application; includeInIndex = 0; path = FNTagView.app; sourceTree = BUILT_PRODUCTS_DIR; };
		0185F7341F4003E60035EDA4 /* main.m */ = {isa = PBXFileReference; lastKnownFileType = sourcecode.c.objc; path = main.m; sourceTree = "<group>"; };
		0185F7361F4003E60035EDA4 /* AppDelegate.h */ = {isa = PBXFileReference; lastKnownFileType = sourcecode.c.h; path = AppDelegate.h; sourceTree = "<group>"; };
		0185F7371F4003E60035EDA4 /* AppDelegate.m */ = {isa = PBXFileReference; lastKnownFileType = sourcecode.c.objc; path = AppDelegate.m; sourceTree = "<group>"; };
		0185F7391F4003E60035EDA4 /* ViewController.h */ = {isa = PBXFileReference; lastKnownFileType = sourcecode.c.h; path = ViewController.h; sourceTree = "<group>"; };
		0185F73A1F4003E60035EDA4 /* ViewController.m */ = {isa = PBXFileReference; lastKnownFileType = sourcecode.c.objc; path = ViewController.m; sourceTree = "<group>"; };
		0185F73D1F4003E60035EDA4 /* Base */ = {isa = PBXFileReference; lastKnownFileType = file.storyboard; name = Base; path = Base.lproj/Main.storyboard; sourceTree = "<group>"; };
		0185F73F1F4003E60035EDA4 /* Assets.xcassets */ = {isa = PBXFileReference; lastKnownFileType = folder.assetcatalog; path = Assets.xcassets; sourceTree = "<group>"; };
		0185F7421F4003E60035EDA4 /* Base */ = {isa = PBXFileReference; lastKnownFileType = file.storyboard; name = Base; path = Base.lproj/LaunchScreen.storyboard; sourceTree = "<group>"; };
		0185F7441F4003E60035EDA4 /* Info.plist */ = {isa = PBXFileReference; lastKnownFileType = text.plist.xml; path = Info.plist; sourceTree = "<group>"; };
		0185F7491F4003E60035EDA4 /* FNTagViewTests.xctest */ = {isa = PBXFileReference; explicitFileType = wrapper.cfbundle; includeInIndex = 0; path = FNTagViewTests.xctest; sourceTree = BUILT_PRODUCTS_DIR; };
		0185F74D1F4003E60035EDA4 /* FNTagViewTests.m */ = {isa = PBXFileReference; lastKnownFileType = sourcecode.c.objc; path = FNTagViewTests.m; sourceTree = "<group>"; };
		0185F74F1F4003E60035EDA4 /* Info.plist */ = {isa = PBXFileReference; lastKnownFileType = text.plist.xml; path = Info.plist; sourceTree = "<group>"; };
		0185F7541F4003E60035EDA4 /* FNTagViewUITests.xctest */ = {isa = PBXFileReference; explicitFileType = wrapper.cfbundle; includeInIndex = 0; path = FNTagViewUITests.xctest; sourceTree = BUILT_PRODUCTS_DIR; };
		0185F7581F4003E60035EDA4 /* FNTagViewUITests.m */ = {isa = PBXFileReference; lastKnownFileType = sourcecode.c.objc; path = FNTagViewUITests.m; sourceTree = "<group>"; };
		0185F75A1F4003E60035EDA4 /* Info.plist */ = {isa = PBXFileReference; lastKnownFileType = text.plist.xml; path = Info.plist; sourceTree = "<group>"; };
		0185F7681F4008290035EDA4 /* FNTagView.h */ = {isa = PBXFileReference; fileEncoding = 4; lastKnownFileType = sourcecode.c.h; path = FNTagView.h; sourceTree = "<group>"; };
		0185F7691F4008290035EDA4 /* FNTagView.m */ = {isa = PBXFileReference; fileEncoding = 4; lastKnownFileType = sourcecode.c.objc; path = FNTagView.m; sourceTree = "<group>"; };
		0185F76B1F4008A10035EDA4 /* FNTagModel.h */ = {isa = PBXFileReference; fileEncoding = 4; lastKnownFileType = sourcecode.c.h; path = FNTagModel.h; sourceTree = "<group>"; };
		0185F76C1F4008A10035EDA4 /* FNTagModel.m */ = {isa = PBXFileReference; fileEncoding = 4; lastKnownFileType = sourcecode.c.objc; path = FNTagModel.m; sourceTree = "<group>"; };
		0185F7701F4011CC0035EDA4 /* addtion@2x.png */ = {isa = PBXFileReference; lastKnownFileType = image.png; path = "addtion@2x.png"; sourceTree = "<group>"; };
		0185F7711F4011CC0035EDA4 /* addtion@3x.png */ = {isa = PBXFileReference; lastKnownFileType = image.png; path = "addtion@3x.png"; sourceTree = "<group>"; };
		0185F7721F4011CC0035EDA4 /* point@2x.png */ = {isa = PBXFileReference; lastKnownFileType = image.png; path = "point@2x.png"; sourceTree = "<group>"; };
		0185F7731F4011CC0035EDA4 /* point@3x.png */ = {isa = PBXFileReference; lastKnownFileType = image.png; path = "point@3x.png"; sourceTree = "<group>"; };
		0185F7781F4012110035EDA4 /* FNTaggedImageView.h */ = {isa = PBXFileReference; fileEncoding = 4; lastKnownFileType = sourcecode.c.h; path = FNTaggedImageView.h; sourceTree = "<group>"; };
		0185F7791F4012110035EDA4 /* FNTaggedImageView.m */ = {isa = PBXFileReference; fileEncoding = 4; lastKnownFileType = sourcecode.c.objc; path = FNTaggedImageView.m; sourceTree = "<group>"; };
		0185F77B1F4018E00035EDA4 /* example.jpg */ = {isa = PBXFileReference; lastKnownFileType = image.jpeg; path = example.jpg; sourceTree = "<group>"; };
		0185F77D1F401BEA0035EDA4 /* taggedimagetagswitcher@2x.png */ = {isa = PBXFileReference; lastKnownFileType = image.png; path = "taggedimagetagswitcher@2x.png"; sourceTree = "<group>"; };
		0185F77E1F401BEA0035EDA4 /* taggedimagetagswitcher@3x.png */ = {isa = PBXFileReference; lastKnownFileType = image.png; path = "taggedimagetagswitcher@3x.png"; sourceTree = "<group>"; };
		0185F7811F401C4B0035EDA4 /* taggedimagetagswitcherinner@2x.png */ = {isa = PBXFileReference; lastKnownFileType = image.png; path = "taggedimagetagswitcherinner@2x.png"; sourceTree = "<group>"; };
		0185F7821F401C4B0035EDA4 /* taggedimagetagswitcherinner@3x.png */ = {isa = PBXFileReference; lastKnownFileType = image.png; path = "taggedimagetagswitcherinner@3x.png"; sourceTree = "<group>"; };
/* End PBXFileReference section */

/* Begin PBXFrameworksBuildPhase section */
		0185F72D1F4003E60035EDA4 /* Frameworks */ = {
			isa = PBXFrameworksBuildPhase;
			buildActionMask = 2147483647;
			files = (
			);
			runOnlyForDeploymentPostprocessing = 0;
		};
		0185F7461F4003E60035EDA4 /* Frameworks */ = {
			isa = PBXFrameworksBuildPhase;
			buildActionMask = 2147483647;
			files = (
			);
			runOnlyForDeploymentPostprocessing = 0;
		};
		0185F7511F4003E60035EDA4 /* Frameworks */ = {
			isa = PBXFrameworksBuildPhase;
			buildActionMask = 2147483647;
			files = (
			);
			runOnlyForDeploymentPostprocessing = 0;
		};
/* End PBXFrameworksBuildPhase section */

/* Begin PBXGroup section */
		0185F7271F4003E60035EDA4 = {
			isa = PBXGroup;
			children = (
				0185F7321F4003E60035EDA4 /* FNTagView */,
				0185F74C1F4003E60035EDA4 /* FNTagViewTests */,
				0185F7571F4003E60035EDA4 /* FNTagViewUITests */,
				0185F7311F4003E60035EDA4 /* Products */,
			);
			sourceTree = "<group>";
		};
		0185F7311F4003E60035EDA4 /* Products */ = {
			isa = PBXGroup;
			children = (
				0185F7301F4003E60035EDA4 /* FNTagView.app */,
				0185F7491F4003E60035EDA4 /* FNTagViewTests.xctest */,
				0185F7541F4003E60035EDA4 /* FNTagViewUITests.xctest */,
			);
			name = Products;
			sourceTree = "<group>";
		};
		0185F7321F4003E60035EDA4 /* FNTagView */ = {
			isa = PBXGroup;
			children = (
				0185F7671F4007AB0035EDA4 /* FNTagView */,
				0185F7661F4007900035EDA4 /* main */,
				0185F7331F4003E60035EDA4 /* Supporting Files */,
			);
			path = FNTagView;
			sourceTree = "<group>";
		};
		0185F7331F4003E60035EDA4 /* Supporting Files */ = {
			isa = PBXGroup;
			children = (
				0185F7341F4003E60035EDA4 /* main.m */,
			);
			name = "Supporting Files";
			sourceTree = "<group>";
		};
		0185F74C1F4003E60035EDA4 /* FNTagViewTests */ = {
			isa = PBXGroup;
			children = (
				0185F74D1F4003E60035EDA4 /* FNTagViewTests.m */,
				0185F74F1F4003E60035EDA4 /* Info.plist */,
			);
			path = FNTagViewTests;
			sourceTree = "<group>";
		};
		0185F7571F4003E60035EDA4 /* FNTagViewUITests */ = {
			isa = PBXGroup;
			children = (
				0185F7581F4003E60035EDA4 /* FNTagViewUITests.m */,
				0185F75A1F4003E60035EDA4 /* Info.plist */,
			);
			path = FNTagViewUITests;
			sourceTree = "<group>";
		};
		0185F7661F4007900035EDA4 /* main */ = {
			isa = PBXGroup;
			children = (
				0185F7361F4003E60035EDA4 /* AppDelegate.h */,
				0185F7371F4003E60035EDA4 /* AppDelegate.m */,
				0185F7391F4003E60035EDA4 /* ViewController.h */,
				0185F73A1F4003E60035EDA4 /* ViewController.m */,
				0185F73C1F4003E60035EDA4 /* Main.storyboard */,
				0185F73F1F4003E60035EDA4 /* Assets.xcassets */,
				0185F7411F4003E60035EDA4 /* LaunchScreen.storyboard */,
				0185F7441F4003E60035EDA4 /* Info.plist */,
			);
			name = main;
			sourceTree = "<group>";
		};
		0185F7671F4007AB0035EDA4 /* FNTagView */ = {
			isa = PBXGroup;
			children = (
				0185F76E1F4011CC0035EDA4 /* resources */,
				0185F7681F4008290035EDA4 /* FNTagView.h */,
				0185F7691F4008290035EDA4 /* FNTagView.m */,
				0185F76B1F4008A10035EDA4 /* FNTagModel.h */,
				0185F76C1F4008A10035EDA4 /* FNTagModel.m */,
				0185F7781F4012110035EDA4 /* FNTaggedImageView.h */,
				0185F7791F4012110035EDA4 /* FNTaggedImageView.m */,
			);
			path = FNTagView;
			sourceTree = "<group>";
		};
		0185F76E1F4011CC0035EDA4 /* resources */ = {
			isa = PBXGroup;
			children = (
				0185F76F1F4011CC0035EDA4 /* images */,
			);
			path = resources;
			sourceTree = "<group>";
		};
		0185F76F1F4011CC0035EDA4 /* images */ = {
			isa = PBXGroup;
			children = (
				0185F7811F401C4B0035EDA4 /* taggedimagetagswitcherinner@2x.png */,
				0185F7821F401C4B0035EDA4 /* taggedimagetagswitcherinner@3x.png */,
				0185F77D1F401BEA0035EDA4 /* taggedimagetagswitcher@2x.png */,
				0185F77E1F401BEA0035EDA4 /* taggedimagetagswitcher@3x.png */,
				0185F77B1F4018E00035EDA4 /* example.jpg */,
				0185F7701F4011CC0035EDA4 /* addtion@2x.png */,
				0185F7711F4011CC0035EDA4 /* addtion@3x.png */,
				0185F7721F4011CC0035EDA4 /* point@2x.png */,
				0185F7731F4011CC0035EDA4 /* point@3x.png */,
			);
			path = images;
			sourceTree = "<group>";
		};
/* End PBXGroup section */

/* Begin PBXNativeTarget section */
		0185F72F1F4003E60035EDA4 /* FNTagView */ = {
			isa = PBXNativeTarget;
			buildConfigurationList = 0185F75D1F4003E60035EDA4 /* Build configuration list for PBXNativeTarget "FNTagView" */;
			buildPhases = (
				0185F72C1F4003E60035EDA4 /* Sources */,
				0185F72D1F4003E60035EDA4 /* Frameworks */,
				0185F72E1F4003E60035EDA4 /* Resources */,
			);
			buildRules = (
			);
			dependencies = (
			);
			name = FNTagView;
			productName = FNTagView;
			productReference = 0185F7301F4003E60035EDA4 /* FNTagView.app */;
			productType = "com.apple.product-type.application";
		};
		0185F7481F4003E60035EDA4 /* FNTagViewTests */ = {
			isa = PBXNativeTarget;
			buildConfigurationList = 0185F7601F4003E60035EDA4 /* Build configuration list for PBXNativeTarget "FNTagViewTests" */;
			buildPhases = (
				0185F7451F4003E60035EDA4 /* Sources */,
				0185F7461F4003E60035EDA4 /* Frameworks */,
				0185F7471F4003E60035EDA4 /* Resources */,
			);
			buildRules = (
			);
			dependencies = (
				0185F74B1F4003E60035EDA4 /* PBXTargetDependency */,
			);
			name = FNTagViewTests;
			productName = FNTagViewTests;
			productReference = 0185F7491F4003E60035EDA4 /* FNTagViewTests.xctest */;
			productType = "com.apple.product-type.bundle.unit-test";
		};
		0185F7531F4003E60035EDA4 /* FNTagViewUITests */ = {
			isa = PBXNativeTarget;
			buildConfigurationList = 0185F7631F4003E60035EDA4 /* Build configuration list for PBXNativeTarget "FNTagViewUITests" */;
			buildPhases = (
				0185F7501F4003E60035EDA4 /* Sources */,
				0185F7511F4003E60035EDA4 /* Frameworks */,
				0185F7521F4003E60035EDA4 /* Resources */,
			);
			buildRules = (
			);
			dependencies = (
				0185F7561F4003E60035EDA4 /* PBXTargetDependency */,
			);
			name = FNTagViewUITests;
			productName = FNTagViewUITests;
			productReference = 0185F7541F4003E60035EDA4 /* FNTagViewUITests.xctest */;
			productType = "com.apple.product-type.bundle.ui-testing";
		};
/* End PBXNativeTarget section */

/* Begin PBXProject section */
		0185F7281F4003E60035EDA4 /* Project object */ = {
			isa = PBXProject;
			attributes = {
				LastUpgradeCheck = 0830;
				ORGANIZATIONNAME = demo;
				TargetAttributes = {
					0185F72F1F4003E60035EDA4 = {
						CreatedOnToolsVersion = 8.3.3;
						ProvisioningStyle = Automatic;
					};
					0185F7481F4003E60035EDA4 = {
						CreatedOnToolsVersion = 8.3.3;
						ProvisioningStyle = Automatic;
						TestTargetID = 0185F72F1F4003E60035EDA4;
					};
					0185F7531F4003E60035EDA4 = {
						CreatedOnToolsVersion = 8.3.3;
						ProvisioningStyle = Automatic;
						TestTargetID = 0185F72F1F4003E60035EDA4;
					};
				};
			};
			buildConfigurationList = 0185F72B1F4003E60035EDA4 /* Build configuration list for PBXProject "FNTagView" */;
			compatibilityVersion = "Xcode 3.2";
			developmentRegion = English;
			hasScannedForEncodings = 0;
			knownRegions = (
				en,
				Base,
			);
			mainGroup = 0185F7271F4003E60035EDA4;
			productRefGroup = 0185F7311F4003E60035EDA4 /* Products */;
			projectDirPath = "";
			projectRoot = "";
			targets = (
				0185F72F1F4003E60035EDA4 /* FNTagView */,
				0185F7481F4003E60035EDA4 /* FNTagViewTests */,
				0185F7531F4003E60035EDA4 /* FNTagViewUITests */,
			);
		};
/* End PBXProject section */

/* Begin PBXResourcesBuildPhase section */
		0185F72E1F4003E60035EDA4 /* Resources */ = {
			isa = PBXResourcesBuildPhase;
			buildActionMask = 2147483647;
			files = (
				0185F7751F4011CC0035EDA4 /* addtion@3x.png in Resources */,
				0185F7831F401C4B0035EDA4 /* taggedimagetagswitcherinner@2x.png in Resources */,
				0185F7801F401BEA0035EDA4 /* taggedimagetagswitcher@3x.png in Resources */,
				0185F7431F4003E60035EDA4 /* LaunchScreen.storyboard in Resources */,
				0185F7841F401C4B0035EDA4 /* taggedimagetagswitcherinner@3x.png in Resources */,
				0185F7401F4003E60035EDA4 /* Assets.xcassets in Resources */,
				0185F77F1F401BEA0035EDA4 /* taggedimagetagswitcher@2x.png in Resources */,
				0185F7761F4011CC0035EDA4 /* point@2x.png in Resources */,
				0185F7741F4011CC0035EDA4 /* addtion@2x.png in Resources */,
				0185F7771F4011CC0035EDA4 /* point@3x.png in Resources */,
				0185F77C1F4018E00035EDA4 /* example.jpg in Resources */,
				0185F73E1F4003E60035EDA4 /* Main.storyboard in Resources */,
			);
			runOnlyForDeploymentPostprocessing = 0;
		};
		0185F7471F4003E60035EDA4 /* Resources */ = {
			isa = PBXResourcesBuildPhase;
			buildActionMask = 2147483647;
			files = (
			);
			runOnlyForDeploymentPostprocessing = 0;
		};
		0185F7521F4003E60035EDA4 /* Resources */ = {
			isa = PBXResourcesBuildPhase;
			buildActionMask = 2147483647;
			files = (
			);
			runOnlyForDeploymentPostprocessing = 0;
		};
/* End PBXResourcesBuildPhase section */

/* Begin PBXSourcesBuildPhase section */
		0185F72C1F4003E60035EDA4 /* Sources */ = {
			isa = PBXSourcesBuildPhase;
			buildActionMask = 2147483647;
			files = (
				0185F73B1F4003E60035EDA4 /* ViewController.m in Sources */,
				0185F76A1F4008290035EDA4 /* FNTagView.m in Sources */,
				0185F77A1F4012110035EDA4 /* FNTaggedImageView.m in Sources */,
				0185F7381F4003E60035EDA4 /* AppDelegate.m in Sources */,
				0185F76D1F4008A10035EDA4 /* FNTagModel.m in Sources */,
				0185F7351F4003E60035EDA4 /* main.m in Sources */,
			);
			runOnlyForDeploymentPostprocessing = 0;
		};
		0185F7451F4003E60035EDA4 /* Sources */ = {
			isa = PBXSourcesBuildPhase;
			buildActionMask = 2147483647;
			files = (
				0185F74E1F4003E60035EDA4 /* FNTagViewTests.m in Sources */,
			);
			runOnlyForDeploymentPostprocessing = 0;
		};
		0185F7501F4003E60035EDA4 /* Sources */ = {
			isa = PBXSourcesBuildPhase;
			buildActionMask = 2147483647;
			files = (
				0185F7591F4003E60035EDA4 /* FNTagViewUITests.m in Sources */,
			);
			runOnlyForDeploymentPostprocessing = 0;
		};
/* End PBXSourcesBuildPhase section */

/* Begin PBXTargetDependency section */
		0185F74B1F4003E60035EDA4 /* PBXTargetDependency */ = {
			isa = PBXTargetDependency;
			target = 0185F72F1F4003E60035EDA4 /* FNTagView */;
			targetProxy = 0185F74A1F4003E60035EDA4 /* PBXContainerItemProxy */;
		};
		0185F7561F4003E60035EDA4 /* PBXTargetDependency */ = {
			isa = PBXTargetDependency;
			target = 0185F72F1F4003E60035EDA4 /* FNTagView */;
			targetProxy = 0185F7551F4003E60035EDA4 /* PBXContainerItemProxy */;
		};
/* End PBXTargetDependency section */

/* Begin PBXVariantGroup section */
		0185F73C1F4003E60035EDA4 /* Main.storyboard */ = {
			isa = PBXVariantGroup;
			children = (
				0185F73D1F4003E60035EDA4 /* Base */,
			);
			name = Main.storyboard;
			sourceTree = "<group>";
		};
		0185F7411F4003E60035EDA4 /* LaunchScreen.storyboard */ = {
			isa = PBXVariantGroup;
			children = (
				0185F7421F4003E60035EDA4 /* Base */,
			);
			name = LaunchScreen.storyboard;
			sourceTree = "<group>";
		};
/* End PBXVariantGroup section */

/* Begin XCBuildConfiguration section */
		0185F75B1F4003E60035EDA4 /* Debug */ = {
			isa = XCBuildConfiguration;
			buildSettings = {
				ALWAYS_SEARCH_USER_PATHS = NO;
				CLANG_ANALYZER_NONNULL = YES;
				CLANG_ANALYZER_NUMBER_OBJECT_CONVERSION = YES_AGGRESSIVE;
				CLANG_CXX_LANGUAGE_STANDARD = "gnu++0x";
				CLANG_CXX_LIBRARY = "libc++";
				CLANG_ENABLE_MODULES = YES;
				CLANG_ENABLE_OBJC_ARC = YES;
				CLANG_WARN_BOOL_CONVERSION = YES;
				CLANG_WARN_CONSTANT_CONVERSION = YES;
				CLANG_WARN_DIRECT_OBJC_ISA_USAGE = YES_ERROR;
				CLANG_WARN_DOCUMENTATION_COMMENTS = YES;
				CLANG_WARN_EMPTY_BODY = YES;
				CLANG_WARN_ENUM_CONVERSION = YES;
				CLANG_WARN_INFINITE_RECURSION = YES;
				CLANG_WARN_INT_CONVERSION = YES;
				CLANG_WARN_OBJC_ROOT_CLASS = YES_ERROR;
				CLANG_WARN_SUSPICIOUS_MOVE = YES;
				CLANG_WARN_UNREACHABLE_CODE = YES;
				CLANG_WARN__DUPLICATE_METHOD_MATCH = YES;
				"CODE_SIGN_IDENTITY[sdk=iphoneos*]" = "iPhone Developer";
				COPY_PHASE_STRIP = NO;
				DEBUG_INFORMATION_FORMAT = dwarf;
				ENABLE_STRICT_OBJC_MSGSEND = YES;
				ENABLE_TESTABILITY = YES;
				GCC_C_LANGUAGE_STANDARD = gnu99;
				GCC_DYNAMIC_NO_PIC = NO;
				GCC_NO_COMMON_BLOCKS = YES;
				GCC_OPTIMIZATION_LEVEL = 0;
				GCC_PREPROCESSOR_DEFINITIONS = (
					"DEBUG=1",
					"$(inherited)",
				);
				GCC_WARN_64_TO_32_BIT_CONVERSION = YES;
				GCC_WARN_ABOUT_RETURN_TYPE = YES_ERROR;
				GCC_WARN_UNDECLARED_SELECTOR = YES;
				GCC_WARN_UNINITIALIZED_AUTOS = YES_AGGRESSIVE;
				GCC_WARN_UNUSED_FUNCTION = YES;
				GCC_WARN_UNUSED_VARIABLE = YES;
				IPHONEOS_DEPLOYMENT_TARGET = 10.3;
				MTL_ENABLE_DEBUG_INFO = YES;
				ONLY_ACTIVE_ARCH = YES;
				SDKROOT = iphoneos;
				TARGETED_DEVICE_FAMILY = "1,2";
			};
			name = Debug;
		};
		0185F75C1F4003E60035EDA4 /* Release */ = {
			isa = XCBuildConfiguration;
			buildSettings = {
				ALWAYS_SEARCH_USER_PATHS = NO;
				CLANG_ANALYZER_NONNULL = YES;
				CLANG_ANALYZER_NUMBER_OBJECT_CONVERSION = YES_AGGRESSIVE;
				CLANG_CXX_LANGUAGE_STANDARD = "gnu++0x";
				CLANG_CXX_LIBRARY = "libc++";
				CLANG_ENABLE_MODULES = YES;
				CLANG_ENABLE_OBJC_ARC = YES;
				CLANG_WARN_BOOL_CONVERSION = YES;
				CLANG_WARN_CONSTANT_CONVERSION = YES;
				CLANG_WARN_DIRECT_OBJC_ISA_USAGE = YES_ERROR;
				CLANG_WARN_DOCUMENTATION_COMMENTS = YES;
				CLANG_WARN_EMPTY_BODY = YES;
				CLANG_WARN_ENUM_CONVERSION = YES;
				CLANG_WARN_INFINITE_RECURSION = YES;
				CLANG_WARN_INT_CONVERSION = YES;
				CLANG_WARN_OBJC_ROOT_CLASS = YES_ERROR;
				CLANG_WARN_SUSPICIOUS_MOVE = YES;
				CLANG_WARN_UNREACHABLE_CODE = YES;
				CLANG_WARN__DUPLICATE_METHOD_MATCH = YES;
				"CODE_SIGN_IDENTITY[sdk=iphoneos*]" = "iPhone Developer";
				COPY_PHASE_STRIP = NO;
				DEBUG_INFORMATION_FORMAT = "dwarf-with-dsym";
				ENABLE_NS_ASSERTIONS = NO;
				ENABLE_STRICT_OBJC_MSGSEND = YES;
				GCC_C_LANGUAGE_STANDARD = gnu99;
				GCC_NO_COMMON_BLOCKS = YES;
				GCC_WARN_64_TO_32_BIT_CONVERSION = YES;
				GCC_WARN_ABOUT_RETURN_TYPE = YES_ERROR;
				GCC_WARN_UNDECLARED_SELECTOR = YES;
				GCC_WARN_UNINITIALIZED_AUTOS = YES_AGGRESSIVE;
				GCC_WARN_UNUSED_FUNCTION = YES;
				GCC_WARN_UNUSED_VARIABLE = YES;
				IPHONEOS_DEPLOYMENT_TARGET = 10.3;
				MTL_ENABLE_DEBUG_INFO = NO;
				SDKROOT = iphoneos;
				TARGETED_DEVICE_FAMILY = "1,2";
				VALIDATE_PRODUCT = YES;
			};
			name = Release;
		};
		0185F75E1F4003E60035EDA4 /* Debug */ = {
			isa = XCBuildConfiguration;
			buildSettings = {
				ASSETCATALOG_COMPILER_APPICON_NAME = AppIcon;
				INFOPLIST_FILE = FNTagView/Info.plist;
				LD_RUNPATH_SEARCH_PATHS = "$(inherited) @executable_path/Frameworks";
				PRODUCT_BUNDLE_IDENTIFIER = com.demo.FNTagView;
				PRODUCT_NAME = "$(TARGET_NAME)";
			};
			name = Debug;
		};
		0185F75F1F4003E60035EDA4 /* Release */ = {
			isa = XCBuildConfiguration;
			buildSettings = {
				ASSETCATALOG_COMPILER_APPICON_NAME = AppIcon;
				INFOPLIST_FILE = FNTagView/Info.plist;
				LD_RUNPATH_SEARCH_PATHS = "$(inherited) @executable_path/Frameworks";
				PRODUCT_BUNDLE_IDENTIFIER = com.demo.FNTagView;
				PRODUCT_NAME = "$(TARGET_NAME)";
			};
			name = Release;
		};
		0185F7611F4003E60035EDA4 /* Debug */ = {
			isa = XCBuildConfiguration;
			buildSettings = {
				BUNDLE_LOADER = "$(TEST_HOST)";
				INFOPLIST_FILE = FNTagViewTests/Info.plist;
				LD_RUNPATH_SEARCH_PATHS = "$(inherited) @executable_path/Frameworks @loader_path/Frameworks";
				PRODUCT_BUNDLE_IDENTIFIER = com.demo.FNTagViewTests;
				PRODUCT_NAME = "$(TARGET_NAME)";
				TEST_HOST = "$(BUILT_PRODUCTS_DIR)/FNTagView.app/FNTagView";
			};
			name = Debug;
		};
		0185F7621F4003E60035EDA4 /* Release */ = {
			isa = XCBuildConfiguration;
			buildSettings = {
				BUNDLE_LOADER = "$(TEST_HOST)";
				INFOPLIST_FILE = FNTagViewTests/Info.plist;
				LD_RUNPATH_SEARCH_PATHS = "$(inherited) @executable_path/Frameworks @loader_path/Frameworks";
				PRODUCT_BUNDLE_IDENTIFIER = com.demo.FNTagViewTests;
				PRODUCT_NAME = "$(TARGET_NAME)";
				TEST_HOST = "$(BUILT_PRODUCTS_DIR)/FNTagView.app/FNTagView";
			};
			name = Release;
		};
		0185F7641F4003E60035EDA4 /* Debug */ = {
			isa = XCBuildConfiguration;
			buildSettings = {
				INFOPLIST_FILE = FNTagViewUITests/Info.plist;
				LD_RUNPATH_SEARCH_PATHS = "$(inherited) @executable_path/Frameworks @loader_path/Frameworks";
				PRODUCT_BUNDLE_IDENTIFIER = com.demo.FNTagViewUITests;
				PRODUCT_NAME = "$(TARGET_NAME)";
				TEST_TARGET_NAME = FNTagView;
			};
			name = Debug;
		};
		0185F7651F4003E60035EDA4 /* Release */ = {
			isa = XCBuildConfiguration;
			buildSettings = {
				INFOPLIST_FILE = FNTagViewUITests/Info.plist;
				LD_RUNPATH_SEARCH_PATHS = "$(inherited) @executable_path/Frameworks @loader_path/Frameworks";
				PRODUCT_BUNDLE_IDENTIFIER = com.demo.FNTagViewUITests;
				PRODUCT_NAME = "$(TARGET_NAME)";
				TEST_TARGET_NAME = FNTagView;
			};
			name = Release;
		};
/* End XCBuildConfiguration section */

/* Begin XCConfigurationList section */
		0185F72B1F4003E60035EDA4 /* Build configuration list for PBXProject "FNTagView" */ = {
			isa = XCConfigurationList;
			buildConfigurations = (
				0185F75B1F4003E60035EDA4 /* Debug */,
				0185F75C1F4003E60035EDA4 /* Release */,
			);
			defaultConfigurationIsVisible = 0;
			defaultConfigurationName = Release;
		};
		0185F75D1F4003E60035EDA4 /* Build configuration list for PBXNativeTarget "FNTagView" */ = {
			isa = XCConfigurationList;
			buildConfigurations = (
				0185F75E1F4003E60035EDA4 /* Debug */,
				0185F75F1F4003E60035EDA4 /* Release */,
			);
			defaultConfigurationIsVisible = 0;
		};
		0185F7601F4003E60035EDA4 /* Build configuration list for PBXNativeTarget "FNTagViewTests" */ = {
			isa = XCConfigurationList;
			buildConfigurations = (
				0185F7611F4003E60035EDA4 /* Debug */,
				0185F7621F4003E60035EDA4 /* Release */,
			);
			defaultConfigurationIsVisible = 0;
		};
		0185F7631F4003E60035EDA4 /* Build configuration list for PBXNativeTarget "FNTagViewUITests" */ = {
			isa = XCConfigurationList;
			buildConfigurations = (
				0185F7641F4003E60035EDA4 /* Debug */,
				0185F7651F4003E60035EDA4 /* Release */,
			);
			defaultConfigurationIsVisible = 0;
		};
/* End XCConfigurationList section */
	};
	rootObject = 0185F7281F4003E60035EDA4 /* Project object */;
}
